// !$*UTF8*$!
{
	archiveVersion = 1;
	classes = {
	};
	objectVersion = 50;
	objects = {

/* Begin PBXBuildFile section */
		358BB5FDDDCC7A98A736307F /* Pods_Flix_FlixUITests.framework in Frameworks */ = {isa = PBXBuildFile; fileRef = AAF14C476F843B569D9E75D3 /* Pods_Flix_FlixUITests.framework */; };
		511ED1195C55CFF2C61C0561 /* Pods_Flix.framework in Frameworks */ = {isa = PBXBuildFile; fileRef = DD350CBD52D2D7DE249896C8 /* Pods_Flix.framework */; };
		A5AEFE21CB306AF6C32BCEB3 /* Pods_FlixTests.framework in Frameworks */ = {isa = PBXBuildFile; fileRef = 68A46F396F5CB0628460D302 /* Pods_FlixTests.framework */; };
		D66BF0B6253F3B9C00A59216 /* AppDelegate.swift in Sources */ = {isa = PBXBuildFile; fileRef = D66BF0B5253F3B9C00A59216 /* AppDelegate.swift */; };
		D66BF0BD253F3B9C00A59216 /* Main.storyboard in Resources */ = {isa = PBXBuildFile; fileRef = D66BF0BB253F3B9C00A59216 /* Main.storyboard */; };
		D66BF0BF253F3B9C00A59216 /* Assets.xcassets in Resources */ = {isa = PBXBuildFile; fileRef = D66BF0BE253F3B9C00A59216 /* Assets.xcassets */; };
		D66BF0C2253F3B9C00A59216 /* LaunchScreen.storyboard in Resources */ = {isa = PBXBuildFile; fileRef = D66BF0C0253F3B9C00A59216 /* LaunchScreen.storyboard */; };
		D66BF0CD253F3B9D00A59216 /* FlixTests.swift in Sources */ = {isa = PBXBuildFile; fileRef = D66BF0CC253F3B9D00A59216 /* FlixTests.swift */; };
		D66BF0D8253F3B9D00A59216 /* FlixUITests.swift in Sources */ = {isa = PBXBuildFile; fileRef = D66BF0D7253F3B9D00A59216 /* FlixUITests.swift */; };
		D66BF0EF2543008A00A59216 /* MoviesViewController.swift in Sources */ = {isa = PBXBuildFile; fileRef = D66BF0EE2543008A00A59216 /* MoviesViewController.swift */; };
		D6D9F8B425434EF00003F5AF /* SceneDelegate.swift in Sources */ = {isa = PBXBuildFile; fileRef = D6D9F8B325434EF00003F5AF /* SceneDelegate.swift */; };
		D6FF9B72254330C700ED78D7 /* MovieCell.swift in Sources */ = {isa = PBXBuildFile; fileRef = D6FF9B71254330C700ED78D7 /* MovieCell.swift */; };
/* End PBXBuildFile section */

/* Begin PBXContainerItemProxy section */
		D66BF0C9253F3B9D00A59216 /* PBXContainerItemProxy */ = {
			isa = PBXContainerItemProxy;
			containerPortal = D66BF0AA253F3B9B00A59216 /* Project object */;
			proxyType = 1;
			remoteGlobalIDString = D66BF0B1253F3B9C00A59216;
			remoteInfo = Flix;
		};
		D66BF0D4253F3B9D00A59216 /* PBXContainerItemProxy */ = {
			isa = PBXContainerItemProxy;
			containerPortal = D66BF0AA253F3B9B00A59216 /* Project object */;
			proxyType = 1;
			remoteGlobalIDString = D66BF0B1253F3B9C00A59216;
			remoteInfo = Flix;
		};
/* End PBXContainerItemProxy section */

/* Begin PBXFileReference section */
		0D992907F0A5E0BE6C1C816F /* Pods-FlixTests.release.xcconfig */ = {isa = PBXFileReference; includeInIndex = 1; lastKnownFileType = text.xcconfig; name = "Pods-FlixTests.release.xcconfig"; path = "Target Support Files/Pods-FlixTests/Pods-FlixTests.release.xcconfig"; sourceTree = "<group>"; };
		2B0A75D02E7D1D36B350250F /* Pods-Flix.debug.xcconfig */ = {isa = PBXFileReference; includeInIndex = 1; lastKnownFileType = text.xcconfig; name = "Pods-Flix.debug.xcconfig"; path = "Target Support Files/Pods-Flix/Pods-Flix.debug.xcconfig"; sourceTree = "<group>"; };
		61DA2746F1287F78F800D99A /* Pods-FlixTests.debug.xcconfig */ = {isa = PBXFileReference; includeInIndex = 1; lastKnownFileType = text.xcconfig; name = "Pods-FlixTests.debug.xcconfig"; path = "Target Support Files/Pods-FlixTests/Pods-FlixTests.debug.xcconfig"; sourceTree = "<group>"; };
		68A46F396F5CB0628460D302 /* Pods_FlixTests.framework */ = {isa = PBXFileReference; explicitFileType = wrapper.framework; includeInIndex = 0; path = Pods_FlixTests.framework; sourceTree = BUILT_PRODUCTS_DIR; };
		6D1912C6D837C0210A271385 /* Pods-Flix-FlixUITests.release.xcconfig */ = {isa = PBXFileReference; includeInIndex = 1; lastKnownFileType = text.xcconfig; name = "Pods-Flix-FlixUITests.release.xcconfig"; path = "Target Support Files/Pods-Flix-FlixUITests/Pods-Flix-FlixUITests.release.xcconfig"; sourceTree = "<group>"; };
		6E739D9D05CB8E674021A617 /* Pods-Flix-FlixUITests.debug.xcconfig */ = {isa = PBXFileReference; includeInIndex = 1; lastKnownFileType = text.xcconfig; name = "Pods-Flix-FlixUITests.debug.xcconfig"; path = "Target Support Files/Pods-Flix-FlixUITests/Pods-Flix-FlixUITests.debug.xcconfig"; sourceTree = "<group>"; };
		9D6A9B4D2602DFA5E77CDECF /* Pods-Flix.release.xcconfig */ = {isa = PBXFileReference; includeInIndex = 1; lastKnownFileType = text.xcconfig; name = "Pods-Flix.release.xcconfig"; path = "Target Support Files/Pods-Flix/Pods-Flix.release.xcconfig"; sourceTree = "<group>"; };
		AAF14C476F843B569D9E75D3 /* Pods_Flix_FlixUITests.framework */ = {isa = PBXFileReference; explicitFileType = wrapper.framework; includeInIndex = 0; path = Pods_Flix_FlixUITests.framework; sourceTree = BUILT_PRODUCTS_DIR; };
		D66BF0B2253F3B9C00A59216 /* Flix.app */ = {isa = PBXFileReference; explicitFileType = wrapper.application; includeInIndex = 0; path = Flix.app; sourceTree = BUILT_PRODUCTS_DIR; };
		D66BF0B5253F3B9C00A59216 /* AppDelegate.swift */ = {isa = PBXFileReference; lastKnownFileType = sourcecode.swift; path = AppDelegate.swift; sourceTree = "<group>"; };
		D66BF0BC253F3B9C00A59216 /* Base */ = {isa = PBXFileReference; lastKnownFileType = file.storyboard; name = Base; path = Base.lproj/Main.storyboard; sourceTree = "<group>"; };
		D66BF0BE253F3B9C00A59216 /* Assets.xcassets */ = {isa = PBXFileReference; lastKnownFileType = folder.assetcatalog; path = Assets.xcassets; sourceTree = "<group>"; };
		D66BF0C1253F3B9C00A59216 /* Base */ = {isa = PBXFileReference; lastKnownFileType = file.storyboard; name = Base; path = Base.lproj/LaunchScreen.storyboard; sourceTree = "<group>"; };
		D66BF0C3253F3B9C00A59216 /* Info.plist */ = {isa = PBXFileReference; lastKnownFileType = text.plist.xml; path = Info.plist; sourceTree = "<group>"; };
		D66BF0C8253F3B9D00A59216 /* FlixTests.xctest */ = {isa = PBXFileReference; explicitFileType = wrapper.cfbundle; includeInIndex = 0; path = FlixTests.xctest; sourceTree = BUILT_PRODUCTS_DIR; };
		D66BF0CC253F3B9D00A59216 /* FlixTests.swift */ = {isa = PBXFileReference; lastKnownFileType = sourcecode.swift; path = FlixTests.swift; sourceTree = "<group>"; };
		D66BF0CE253F3B9D00A59216 /* Info.plist */ = {isa = PBXFileReference; lastKnownFileType = text.plist.xml; path = Info.plist; sourceTree = "<group>"; };
		D66BF0D3253F3B9D00A59216 /* FlixUITests.xctest */ = {isa = PBXFileReference; explicitFileType = wrapper.cfbundle; includeInIndex = 0; path = FlixUITests.xctest; sourceTree = BUILT_PRODUCTS_DIR; };
		D66BF0D7253F3B9D00A59216 /* FlixUITests.swift */ = {isa = PBXFileReference; lastKnownFileType = sourcecode.swift; path = FlixUITests.swift; sourceTree = "<group>"; };
		D66BF0D9253F3B9D00A59216 /* Info.plist */ = {isa = PBXFileReference; lastKnownFileType = text.plist.xml; path = Info.plist; sourceTree = "<group>"; };
		D66BF0EE2543008A00A59216 /* MoviesViewController.swift */ = {isa = PBXFileReference; lastKnownFileType = sourcecode.swift; path = MoviesViewController.swift; sourceTree = "<group>"; };
		D6D9F8B325434EF00003F5AF /* SceneDelegate.swift */ = {isa = PBXFileReference; fileEncoding = 4; lastKnownFileType = sourcecode.swift; path = SceneDelegate.swift; sourceTree = "<group>"; };
		D6FF9B71254330C700ED78D7 /* MovieCell.swift */ = {isa = PBXFileReference; lastKnownFileType = sourcecode.swift; path = MovieCell.swift; sourceTree = "<group>"; };
		DD350CBD52D2D7DE249896C8 /* Pods_Flix.framework */ = {isa = PBXFileReference; explicitFileType = wrapper.framework; includeInIndex = 0; path = Pods_Flix.framework; sourceTree = BUILT_PRODUCTS_DIR; };
/* End PBXFileReference section */

/* Begin PBXFrameworksBuildPhase section */
		D66BF0AF253F3B9C00A59216 /* Frameworks */ = {
			isa = PBXFrameworksBuildPhase;
			buildActionMask = 2147483647;
			files = (
				511ED1195C55CFF2C61C0561 /* Pods_Flix.framework in Frameworks */,
			);
			runOnlyForDeploymentPostprocessing = 0;
		};
		D66BF0C5253F3B9D00A59216 /* Frameworks */ = {
			isa = PBXFrameworksBuildPhase;
			buildActionMask = 2147483647;
			files = (
				A5AEFE21CB306AF6C32BCEB3 /* Pods_FlixTests.framework in Frameworks */,
			);
			runOnlyForDeploymentPostprocessing = 0;
		};
		D66BF0D0253F3B9D00A59216 /* Frameworks */ = {
			isa = PBXFrameworksBuildPhase;
			buildActionMask = 2147483647;
			files = (
				358BB5FDDDCC7A98A736307F /* Pods_Flix_FlixUITests.framework in Frameworks */,
			);
			runOnlyForDeploymentPostprocessing = 0;
		};
/* End PBXFrameworksBuildPhase section */

/* Begin PBXGroup section */
		4A1FE011D5C07C02CB965512 /* Frameworks */ = {
			isa = PBXGroup;
			children = (
				DD350CBD52D2D7DE249896C8 /* Pods_Flix.framework */,
				AAF14C476F843B569D9E75D3 /* Pods_Flix_FlixUITests.framework */,
				68A46F396F5CB0628460D302 /* Pods_FlixTests.framework */,
			);
			name = Frameworks;
			sourceTree = "<group>";
		};
		773481600F72804FC99B7602 /* Pods */ = {
			isa = PBXGroup;
			children = (
				2B0A75D02E7D1D36B350250F /* Pods-Flix.debug.xcconfig */,
				9D6A9B4D2602DFA5E77CDECF /* Pods-Flix.release.xcconfig */,
				6E739D9D05CB8E674021A617 /* Pods-Flix-FlixUITests.debug.xcconfig */,
				6D1912C6D837C0210A271385 /* Pods-Flix-FlixUITests.release.xcconfig */,
				61DA2746F1287F78F800D99A /* Pods-FlixTests.debug.xcconfig */,
				0D992907F0A5E0BE6C1C816F /* Pods-FlixTests.release.xcconfig */,
			);
			name = Pods;
			path = Pods;
			sourceTree = "<group>";
		};
		D66BF0A9253F3B9B00A59216 = {
			isa = PBXGroup;
			children = (
				D66BF0B4253F3B9C00A59216 /* Flix */,
				D66BF0CB253F3B9D00A59216 /* FlixTests */,
				D66BF0D6253F3B9D00A59216 /* FlixUITests */,
				D66BF0B3253F3B9C00A59216 /* Products */,
				773481600F72804FC99B7602 /* Pods */,
				4A1FE011D5C07C02CB965512 /* Frameworks */,
			);
			sourceTree = "<group>";
		};
		D66BF0B3253F3B9C00A59216 /* Products */ = {
			isa = PBXGroup;
			children = (
				D66BF0B2253F3B9C00A59216 /* Flix.app */,
				D66BF0C8253F3B9D00A59216 /* FlixTests.xctest */,
				D66BF0D3253F3B9D00A59216 /* FlixUITests.xctest */,
			);
			name = Products;
			sourceTree = "<group>";
		};
		D66BF0B4253F3B9C00A59216 /* Flix */ = {
			isa = PBXGroup;
			children = (
				D66BF0B5253F3B9C00A59216 /* AppDelegate.swift */,
				D6D9F8B325434EF00003F5AF /* SceneDelegate.swift */,
				D66BF0BB253F3B9C00A59216 /* Main.storyboard */,
				D66BF0BE253F3B9C00A59216 /* Assets.xcassets */,
				D66BF0C0253F3B9C00A59216 /* LaunchScreen.storyboard */,
				D66BF0C3253F3B9C00A59216 /* Info.plist */,
				D66BF0EE2543008A00A59216 /* MoviesViewController.swift */,
				D6FF9B71254330C700ED78D7 /* MovieCell.swift */,
			);
			path = Flix;
			sourceTree = "<group>";
		};
		D66BF0CB253F3B9D00A59216 /* FlixTests */ = {
			isa = PBXGroup;
			children = (
				D66BF0CC253F3B9D00A59216 /* FlixTests.swift */,
				D66BF0CE253F3B9D00A59216 /* Info.plist */,
			);
			path = FlixTests;
			sourceTree = "<group>";
		};
		D66BF0D6253F3B9D00A59216 /* FlixUITests */ = {
			isa = PBXGroup;
			children = (
				D66BF0D7253F3B9D00A59216 /* FlixUITests.swift */,
				D66BF0D9253F3B9D00A59216 /* Info.plist */,
			);
			path = FlixUITests;
			sourceTree = "<group>";
		};
/* End PBXGroup section */

/* Begin PBXNativeTarget section */
		D66BF0B1253F3B9C00A59216 /* Flix */ = {
			isa = PBXNativeTarget;
			buildConfigurationList = D66BF0DC253F3B9D00A59216 /* Build configuration list for PBXNativeTarget "Flix" */;
			buildPhases = (
				5C724777102F42A50B884E3B /* [CP] Check Pods Manifest.lock */,
				D66BF0AE253F3B9C00A59216 /* Sources */,
				D66BF0AF253F3B9C00A59216 /* Frameworks */,
				D66BF0B0253F3B9C00A59216 /* Resources */,
				228D16F4FC4236A427FAC678 /* [CP] Embed Pods Frameworks */,
			);
			buildRules = (
			);
			dependencies = (
			);
			name = Flix;
			productName = Flix;
			productReference = D66BF0B2253F3B9C00A59216 /* Flix.app */;
			productType = "com.apple.product-type.application";
		};
		D66BF0C7253F3B9D00A59216 /* FlixTests */ = {
			isa = PBXNativeTarget;
			buildConfigurationList = D66BF0DF253F3B9D00A59216 /* Build configuration list for PBXNativeTarget "FlixTests" */;
			buildPhases = (
				18256A1898C050EFF0EE568E /* [CP] Check Pods Manifest.lock */,
				D66BF0C4253F3B9D00A59216 /* Sources */,
				D66BF0C5253F3B9D00A59216 /* Frameworks */,
				D66BF0C6253F3B9D00A59216 /* Resources */,
			);
			buildRules = (
			);
			dependencies = (
				D66BF0CA253F3B9D00A59216 /* PBXTargetDependency */,
			);
			name = FlixTests;
			productName = FlixTests;
			productReference = D66BF0C8253F3B9D00A59216 /* FlixTests.xctest */;
			productType = "com.apple.product-type.bundle.unit-test";
		};
		D66BF0D2253F3B9D00A59216 /* FlixUITests */ = {
			isa = PBXNativeTarget;
			buildConfigurationList = D66BF0E2253F3B9D00A59216 /* Build configuration list for PBXNativeTarget "FlixUITests" */;
			buildPhases = (
				9416E847BDB05F354EB0E87C /* [CP] Check Pods Manifest.lock */,
				D66BF0CF253F3B9D00A59216 /* Sources */,
				D66BF0D0253F3B9D00A59216 /* Frameworks */,
				D66BF0D1253F3B9D00A59216 /* Resources */,
				C449E8F70391428F4A5C58F5 /* [CP] Embed Pods Frameworks */,
			);
			buildRules = (
			);
			dependencies = (
				D66BF0D5253F3B9D00A59216 /* PBXTargetDependency */,
			);
			name = FlixUITests;
			productName = FlixUITests;
			productReference = D66BF0D3253F3B9D00A59216 /* FlixUITests.xctest */;
			productType = "com.apple.product-type.bundle.ui-testing";
		};
/* End PBXNativeTarget section */

/* Begin PBXProject section */
		D66BF0AA253F3B9B00A59216 /* Project object */ = {
			isa = PBXProject;
			attributes = {
				LastSwiftUpdateCheck = 1200;
				LastUpgradeCheck = 1200;
				TargetAttributes = {
					D66BF0B1253F3B9C00A59216 = {
						CreatedOnToolsVersion = 12.0.1;
					};
					D66BF0C7253F3B9D00A59216 = {
						CreatedOnToolsVersion = 12.0.1;
						TestTargetID = D66BF0B1253F3B9C00A59216;
					};
					D66BF0D2253F3B9D00A59216 = {
						CreatedOnToolsVersion = 12.0.1;
						TestTargetID = D66BF0B1253F3B9C00A59216;
					};
				};
			};
			buildConfigurationList = D66BF0AD253F3B9B00A59216 /* Build configuration list for PBXProject "Flix" */;
			compatibilityVersion = "Xcode 9.3";
			developmentRegion = en;
			hasScannedForEncodings = 0;
			knownRegions = (
				en,
				Base,
			);
			mainGroup = D66BF0A9253F3B9B00A59216;
			productRefGroup = D66BF0B3253F3B9C00A59216 /* Products */;
			projectDirPath = "";
			projectRoot = "";
			targets = (
				D66BF0B1253F3B9C00A59216 /* Flix */,
				D66BF0C7253F3B9D00A59216 /* FlixTests */,
				D66BF0D2253F3B9D00A59216 /* FlixUITests */,
			);
		};
/* End PBXProject section */

/* Begin PBXResourcesBuildPhase section */
		D66BF0B0253F3B9C00A59216 /* Resources */ = {
			isa = PBXResourcesBuildPhase;
			buildActionMask = 2147483647;
			files = (
				D66BF0C2253F3B9C00A59216 /* LaunchScreen.storyboard in Resources */,
				D66BF0BF253F3B9C00A59216 /* Assets.xcassets in Resources */,
				D66BF0BD253F3B9C00A59216 /* Main.storyboard in Resources */,
			);
			runOnlyForDeploymentPostprocessing = 0;
		};
		D66BF0C6253F3B9D00A59216 /* Resources */ = {
			isa = PBXResourcesBuildPhase;
			buildActionMask = 2147483647;
			files = (
			);
			runOnlyForDeploymentPostprocessing = 0;
		};
		D66BF0D1253F3B9D00A59216 /* Resources */ = {
			isa = PBXResourcesBuildPhase;
			buildActionMask = 2147483647;
			files = (
			);
			runOnlyForDeploymentPostprocessing = 0;
		};
/* End PBXResourcesBuildPhase section */

/* Begin PBXShellScriptBuildPhase section */
		18256A1898C050EFF0EE568E /* [CP] Check Pods Manifest.lock */ = {
			isa = PBXShellScriptBuildPhase;
			buildActionMask = 2147483647;
			files = (
			);
			inputFileListPaths = (
			);
			inputPaths = (
				"${PODS_PODFILE_DIR_PATH}/Podfile.lock",
				"${PODS_ROOT}/Manifest.lock",
			);
			name = "[CP] Check Pods Manifest.lock";
			outputFileListPaths = (
			);
			outputPaths = (
				"$(DERIVED_FILE_DIR)/Pods-FlixTests-checkManifestLockResult.txt",
			);
			runOnlyForDeploymentPostprocessing = 0;
			shellPath = /bin/sh;
			shellScript = "diff \"${PODS_PODFILE_DIR_PATH}/Podfile.lock\" \"${PODS_ROOT}/Manifest.lock\" > /dev/null\nif [ $? != 0 ] ; then\n    # print error to STDERR\n    echo \"error: The sandbox is not in sync with the Podfile.lock. Run 'pod install' or update your CocoaPods installation.\" >&2\n    exit 1\nfi\n# This output is used by Xcode 'outputs' to avoid re-running this script phase.\necho \"SUCCESS\" > \"${SCRIPT_OUTPUT_FILE_0}\"\n";
			showEnvVarsInLog = 0;
		};
		228D16F4FC4236A427FAC678 /* [CP] Embed Pods Frameworks */ = {
			isa = PBXShellScriptBuildPhase;
			buildActionMask = 2147483647;
			files = (
			);
			inputFileListPaths = (
				"${PODS_ROOT}/Target Support Files/Pods-Flix/Pods-Flix-frameworks-${CONFIGURATION}-input-files.xcfilelist",
			);
			name = "[CP] Embed Pods Frameworks";
			outputFileListPaths = (
				"${PODS_ROOT}/Target Support Files/Pods-Flix/Pods-Flix-frameworks-${CONFIGURATION}-output-files.xcfilelist",
			);
			runOnlyForDeploymentPostprocessing = 0;
			shellPath = /bin/sh;
			shellScript = "\"${PODS_ROOT}/Target Support Files/Pods-Flix/Pods-Flix-frameworks.sh\"\n";
			showEnvVarsInLog = 0;
		};
		5C724777102F42A50B884E3B /* [CP] Check Pods Manifest.lock */ = {
			isa = PBXShellScriptBuildPhase;
			buildActionMask = 2147483647;
			files = (
			);
			inputFileListPaths = (
			);
			inputPaths = (
				"${PODS_PODFILE_DIR_PATH}/Podfile.lock",
				"${PODS_ROOT}/Manifest.lock",
			);
			name = "[CP] Check Pods Manifest.lock";
			outputFileListPaths = (
			);
			outputPaths = (
				"$(DERIVED_FILE_DIR)/Pods-Flix-checkManifestLockResult.txt",
			);
			runOnlyForDeploymentPostprocessing = 0;
			shellPath = /bin/sh;
			shellScript = "diff \"${PODS_PODFILE_DIR_PATH}/Podfile.lock\" \"${PODS_ROOT}/Manifest.lock\" > /dev/null\nif [ $? != 0 ] ; then\n    # print error to STDERR\n    echo \"error: The sandbox is not in sync with the Podfile.lock. Run 'pod install' or update your CocoaPods installation.\" >&2\n    exit 1\nfi\n# This output is used by Xcode 'outputs' to avoid re-running this script phase.\necho \"SUCCESS\" > \"${SCRIPT_OUTPUT_FILE_0}\"\n";
			showEnvVarsInLog = 0;
		};
		9416E847BDB05F354EB0E87C /* [CP] Check Pods Manifest.lock */ = {
			isa = PBXShellScriptBuildPhase;
			buildActionMask = 2147483647;
			files = (
			);
			inputFileListPaths = (
			);
			inputPaths = (
				"${PODS_PODFILE_DIR_PATH}/Podfile.lock",
				"${PODS_ROOT}/Manifest.lock",
			);
			name = "[CP] Check Pods Manifest.lock";
			outputFileListPaths = (
			);
			outputPaths = (
				"$(DERIVED_FILE_DIR)/Pods-Flix-FlixUITests-checkManifestLockResult.txt",
			);
			runOnlyForDeploymentPostprocessing = 0;
			shellPath = /bin/sh;
			shellScript = "diff \"${PODS_PODFILE_DIR_PATH}/Podfile.lock\" \"${PODS_ROOT}/Manifest.lock\" > /dev/null\nif [ $? != 0 ] ; then\n    # print error to STDERR\n    echo \"error: The sandbox is not in sync with the Podfile.lock. Run 'pod install' or update your CocoaPods installation.\" >&2\n    exit 1\nfi\n# This output is used by Xcode 'outputs' to avoid re-running this script phase.\necho \"SUCCESS\" > \"${SCRIPT_OUTPUT_FILE_0}\"\n";
			showEnvVarsInLog = 0;
		};
		C449E8F70391428F4A5C58F5 /* [CP] Embed Pods Frameworks */ = {
			isa = PBXShellScriptBuildPhase;
			buildActionMask = 2147483647;
			files = (
			);
			inputFileListPaths = (
				"${PODS_ROOT}/Target Support Files/Pods-Flix-FlixUITests/Pods-Flix-FlixUITests-frameworks-${CONFIGURATION}-input-files.xcfilelist",
			);
			name = "[CP] Embed Pods Frameworks";
			outputFileListPaths = (
				"${PODS_ROOT}/Target Support Files/Pods-Flix-FlixUITests/Pods-Flix-FlixUITests-frameworks-${CONFIGURATION}-output-files.xcfilelist",
			);
			runOnlyForDeploymentPostprocessing = 0;
			shellPath = /bin/sh;
			shellScript = "\"${PODS_ROOT}/Target Support Files/Pods-Flix-FlixUITests/Pods-Flix-FlixUITests-frameworks.sh\"\n";
			showEnvVarsInLog = 0;
		};
/* End PBXShellScriptBuildPhase section */

/* Begin PBXSourcesBuildPhase section */
		D66BF0AE253F3B9C00A59216 /* Sources */ = {
			isa = PBXSourcesBuildPhase;
			buildActionMask = 2147483647;
			files = (
				D66BF0B6253F3B9C00A59216 /* AppDelegate.swift in Sources */,
				D66BF0EF2543008A00A59216 /* MoviesViewController.swift in Sources */,
				D6FF9B72254330C700ED78D7 /* MovieCell.swift in Sources */,
				D6D9F8B425434EF00003F5AF /* SceneDelegate.swift in Sources */,
			);
			runOnlyForDeploymentPostprocessing = 0;
		};
		D66BF0C4253F3B9D00A59216 /* Sources */ = {
			isa = PBXSourcesBuildPhase;
			buildActionMask = 2147483647;
			files = (
				D66BF0CD253F3B9D00A59216 /* FlixTests.swift in Sources */,
			);
			runOnlyForDeploymentPostprocessing = 0;
		};
		D66BF0CF253F3B9D00A59216 /* Sources */ = {
			isa = PBXSourcesBuildPhase;
			buildActionMask = 2147483647;
			files = (
				D66BF0D8253F3B9D00A59216 /* FlixUITests.swift in Sources */,
			);
			runOnlyForDeploymentPostprocessing = 0;
		};
/* End PBXSourcesBuildPhase section */

/* Begin PBXTargetDependency section */
		D66BF0CA253F3B9D00A59216 /* PBXTargetDependency */ = {
			isa = PBXTargetDependency;
			target = D66BF0B1253F3B9C00A59216 /* Flix */;
			targetProxy = D66BF0C9253F3B9D00A59216 /* PBXContainerItemProxy */;
		};
		D66BF0D5253F3B9D00A59216 /* PBXTargetDependency */ = {
			isa = PBXTargetDependency;
			target = D66BF0B1253F3B9C00A59216 /* Flix */;
			targetProxy = D66BF0D4253F3B9D00A59216 /* PBXContainerItemProxy */;
		};
/* End PBXTargetDependency section */

/* Begin PBXVariantGroup section */
		D66BF0BB253F3B9C00A59216 /* Main.storyboard */ = {
			isa = PBXVariantGroup;
			children = (
				D66BF0BC253F3B9C00A59216 /* Base */,
			);
			name = Main.storyboard;
			sourceTree = "<group>";
		};
		D66BF0C0253F3B9C00A59216 /* LaunchScreen.storyboard */ = {
			isa = PBXVariantGroup;
			children = (
				D66BF0C1253F3B9C00A59216 /* Base */,
			);
			name = LaunchScreen.storyboard;
			sourceTree = "<group>";
		};
/* End PBXVariantGroup section */

/* Begin XCBuildConfiguration section */
		D66BF0DA253F3B9D00A59216 /* Debug */ = {
			isa = XCBuildConfiguration;
			buildSettings = {
				ALWAYS_SEARCH_USER_PATHS = NO;
				CLANG_ANALYZER_NONNULL = YES;
				CLANG_ANALYZER_NUMBER_OBJECT_CONVERSION = YES_AGGRESSIVE;
				CLANG_CXX_LANGUAGE_STANDARD = "gnu++14";
				CLANG_CXX_LIBRARY = "libc++";
				CLANG_ENABLE_MODULES = YES;
				CLANG_ENABLE_OBJC_ARC = YES;
				CLANG_ENABLE_OBJC_WEAK = YES;
				CLANG_WARN_BLOCK_CAPTURE_AUTORELEASING = YES;
				CLANG_WARN_BOOL_CONVERSION = YES;
				CLANG_WARN_COMMA = YES;
				CLANG_WARN_CONSTANT_CONVERSION = YES;
				CLANG_WARN_DEPRECATED_OBJC_IMPLEMENTATIONS = YES;
				CLANG_WARN_DIRECT_OBJC_ISA_USAGE = YES_ERROR;
				CLANG_WARN_DOCUMENTATION_COMMENTS = YES;
				CLANG_WARN_EMPTY_BODY = YES;
				CLANG_WARN_ENUM_CONVERSION = YES;
				CLANG_WARN_INFINITE_RECURSION = YES;
				CLANG_WARN_INT_CONVERSION = YES;
				CLANG_WARN_NON_LITERAL_NULL_CONVERSION = YES;
				CLANG_WARN_OBJC_IMPLICIT_RETAIN_SELF = YES;
				CLANG_WARN_OBJC_LITERAL_CONVERSION = YES;
				CLANG_WARN_OBJC_ROOT_CLASS = YES_ERROR;
				CLANG_WARN_QUOTED_INCLUDE_IN_FRAMEWORK_HEADER = YES;
				CLANG_WARN_RANGE_LOOP_ANALYSIS = YES;
				CLANG_WARN_STRICT_PROTOTYPES = YES;
				CLANG_WARN_SUSPICIOUS_MOVE = YES;
				CLANG_WARN_UNGUARDED_AVAILABILITY = YES_AGGRESSIVE;
				CLANG_WARN_UNREACHABLE_CODE = YES;
				CLANG_WARN__DUPLICATE_METHOD_MATCH = YES;
				COPY_PHASE_STRIP = NO;
				DEBUG_INFORMATION_FORMAT = dwarf;
				ENABLE_STRICT_OBJC_MSGSEND = YES;
				ENABLE_TESTABILITY = YES;
				GCC_C_LANGUAGE_STANDARD = gnu11;
				GCC_DYNAMIC_NO_PIC = NO;
				GCC_NO_COMMON_BLOCKS = YES;
				GCC_OPTIMIZATION_LEVEL = 0;
				GCC_PREPROCESSOR_DEFINITIONS = (
					"DEBUG=1",
					"$(inherited)",
				);
				GCC_WARN_64_TO_32_BIT_CONVERSION = YES;
				GCC_WARN_ABOUT_RETURN_TYPE = YES_ERROR;
				GCC_WARN_UNDECLARED_SELECTOR = YES;
				GCC_WARN_UNINITIALIZED_AUTOS = YES_AGGRESSIVE;
				GCC_WARN_UNUSED_FUNCTION = YES;
				GCC_WARN_UNUSED_VARIABLE = YES;
				IPHONEOS_DEPLOYMENT_TARGET = 14.0;
				MTL_ENABLE_DEBUG_INFO = INCLUDE_SOURCE;
				MTL_FAST_MATH = YES;
				ONLY_ACTIVE_ARCH = YES;
				SDKROOT = iphoneos;
				SWIFT_ACTIVE_COMPILATION_CONDITIONS = DEBUG;
				SWIFT_OPTIMIZATION_LEVEL = "-Onone";
			};
			name = Debug;
		};
		D66BF0DB253F3B9D00A59216 /* Release */ = {
			isa = XCBuildConfiguration;
			buildSettings = {
				ALWAYS_SEARCH_USER_PATHS = NO;
				CLANG_ANALYZER_NONNULL = YES;
				CLANG_ANALYZER_NUMBER_OBJECT_CONVERSION = YES_AGGRESSIVE;
				CLANG_CXX_LANGUAGE_STANDARD = "gnu++14";
				CLANG_CXX_LIBRARY = "libc++";
				CLANG_ENABLE_MODULES = YES;
				CLANG_ENABLE_OBJC_ARC = YES;
				CLANG_ENABLE_OBJC_WEAK = YES;
				CLANG_WARN_BLOCK_CAPTURE_AUTORELEASING = YES;
				CLANG_WARN_BOOL_CONVERSION = YES;
				CLANG_WARN_COMMA = YES;
				CLANG_WARN_CONSTANT_CONVERSION = YES;
				CLANG_WARN_DEPRECATED_OBJC_IMPLEMENTATIONS = YES;
				CLANG_WARN_DIRECT_OBJC_ISA_USAGE = YES_ERROR;
				CLANG_WARN_DOCUMENTATION_COMMENTS = YES;
				CLANG_WARN_EMPTY_BODY = YES;
				CLANG_WARN_ENUM_CONVERSION = YES;
				CLANG_WARN_INFINITE_RECURSION = YES;
				CLANG_WARN_INT_CONVERSION = YES;
				CLANG_WARN_NON_LITERAL_NULL_CONVERSION = YES;
				CLANG_WARN_OBJC_IMPLICIT_RETAIN_SELF = YES;
				CLANG_WARN_OBJC_LITERAL_CONVERSION = YES;
				CLANG_WARN_OBJC_ROOT_CLASS = YES_ERROR;
				CLANG_WARN_QUOTED_INCLUDE_IN_FRAMEWORK_HEADER = YES;
				CLANG_WARN_RANGE_LOOP_ANALYSIS = YES;
				CLANG_WARN_STRICT_PROTOTYPES = YES;
				CLANG_WARN_SUSPICIOUS_MOVE = YES;
				CLANG_WARN_UNGUARDED_AVAILABILITY = YES_AGGRESSIVE;
				CLANG_WARN_UNREACHABLE_CODE = YES;
				CLANG_WARN__DUPLICATE_METHOD_MATCH = YES;
				COPY_PHASE_STRIP = NO;
				DEBUG_INFORMATION_FORMAT = "dwarf-with-dsym";
				ENABLE_NS_ASSERTIONS = NO;
				ENABLE_STRICT_OBJC_MSGSEND = YES;
				GCC_C_LANGUAGE_STANDARD = gnu11;
				GCC_NO_COMMON_BLOCKS = YES;
				GCC_WARN_64_TO_32_BIT_CONVERSION = YES;
				GCC_WARN_ABOUT_RETURN_TYPE = YES_ERROR;
				GCC_WARN_UNDECLARED_SELECTOR = YES;
				GCC_WARN_UNINITIALIZED_AUTOS = YES_AGGRESSIVE;
				GCC_WARN_UNUSED_FUNCTION = YES;
				GCC_WARN_UNUSED_VARIABLE = YES;
				IPHONEOS_DEPLOYMENT_TARGET = 14.0;
				MTL_ENABLE_DEBUG_INFO = NO;
				MTL_FAST_MATH = YES;
				SDKROOT = iphoneos;
				SWIFT_COMPILATION_MODE = wholemodule;
				SWIFT_OPTIMIZATION_LEVEL = "-O";
				VALIDATE_PRODUCT = YES;
			};
			name = Release;
		};
		D66BF0DD253F3B9D00A59216 /* Debug */ = {
			isa = XCBuildConfiguration;
			baseConfigurationReference = 2B0A75D02E7D1D36B350250F /* Pods-Flix.debug.xcconfig */;
			buildSettings = {
				ASSETCATALOG_COMPILER_APPICON_NAME = AppIcon;
				ASSETCATALOG_COMPILER_GLOBAL_ACCENT_COLOR_NAME = AccentColor;
				CODE_SIGN_STYLE = Automatic;
				INFOPLIST_FILE = Flix/Info.plist;
				LD_RUNPATH_SEARCH_PATHS = (
					"$(inherited)",
					"@executable_path/Frameworks",
				);
				PRODUCT_BUNDLE_IDENTIFIER = codepath.Flix;
				PRODUCT_NAME = "$(TARGET_NAME)";
				SWIFT_VERSION = 5.0;
				TARGETED_DEVICE_FAMILY = "1,2";
			};
			name = Debug;
		};
		D66BF0DE253F3B9D00A59216 /* Release */ = {
			isa = XCBuildConfiguration;
			baseConfigurationReference = 9D6A9B4D2602DFA5E77CDECF /* Pods-Flix.release.xcconfig */;
			buildSettings = {
				ASSETCATALOG_COMPILER_APPICON_NAME = AppIcon;
				ASSETCATALOG_COMPILER_GLOBAL_ACCENT_COLOR_NAME = AccentColor;
				CODE_SIGN_STYLE = Automatic;
				INFOPLIST_FILE = Flix/Info.plist;
				LD_RUNPATH_SEARCH_PATHS = (
					"$(inherited)",
					"@executable_path/Frameworks",
				);
				PRODUCT_BUNDLE_IDENTIFIER = codepath.Flix;
				PRODUCT_NAME = "$(TARGET_NAME)";
				SWIFT_VERSION = 5.0;
				TARGETED_DEVICE_FAMILY = "1,2";
			};
			name = Release;
		};
		D66BF0E0253F3B9D00A59216 /* Debug */ = {
			isa = XCBuildConfiguration;
			baseConfigurationReference = 61DA2746F1287F78F800D99A /* Pods-FlixTests.debug.xcconfig */;
			buildSettings = {
				ALWAYS_EMBED_SWIFT_STANDARD_LIBRARIES = YES;
				BUNDLE_LOADER = "$(TEST_HOST)";
				CODE_SIGN_STYLE = Automatic;
				INFOPLIST_FILE = FlixTests/Info.plist;
				IPHONEOS_DEPLOYMENT_TARGET = 14.0;
				LD_RUNPATH_SEARCH_PATHS = (
					"$(inherited)",
					"@executable_path/Frameworks",
					"@loader_path/Frameworks",
				);
				PRODUCT_BUNDLE_IDENTIFIER = codepath.FlixTests;
				PRODUCT_NAME = "$(TARGET_NAME)";
				SWIFT_VERSION = 5.0;
				TARGETED_DEVICE_FAMILY = "1,2";
				TEST_HOST = "$(BUILT_PRODUCTS_DIR)/Flix.app/Flix";
			};
			name = Debug;
		};
		D66BF0E1253F3B9D00A59216 /* Release */ = {
			isa = XCBuildConfiguration;
			baseConfigurationReference = 0D992907F0A5E0BE6C1C816F /* Pods-FlixTests.release.xcconfig */;
			buildSettings = {
				ALWAYS_EMBED_SWIFT_STANDARD_LIBRARIES = YES;
				BUNDLE_LOADER = "$(TEST_HOST)";
				CODE_SIGN_STYLE = Automatic;
				INFOPLIST_FILE = FlixTests/Info.plist;
				IPHONEOS_DEPLOYMENT_TARGET = 14.0;
				LD_RUNPATH_SEARCH_PATHS = (
					"$(inherited)",
					"@executable_path/Frameworks",
					"@loader_path/Frameworks",
				);
				PRODUCT_BUNDLE_IDENTIFIER = codepath.FlixTests;
				PRODUCT_NAME = "$(TARGET_NAME)";
				SWIFT_VERSION = 5.0;
				TARGETED_DEVICE_FAMILY = "1,2";
				TEST_HOST = "$(BUILT_PRODUCTS_DIR)/Flix.app/Flix";
			};
			name = Release;
		};
		D66BF0E3253F3B9D00A59216 /* Debug */ = {
			isa = XCBuildConfiguration;
			baseConfigurationReference = 6E739D9D05CB8E674021A617 /* Pods-Flix-FlixUITests.debug.xcconfig */;
			buildSettings = {
				ALWAYS_EMBED_SWIFT_STANDARD_LIBRARIES = YES;
				CODE_SIGN_STYLE = Automatic;
				INFOPLIST_FILE = FlixUITests/Info.plist;
				LD_RUNPATH_SEARCH_PATHS = (
					"$(inherited)",
					"@executable_path/Frameworks",
					"@loader_path/Frameworks",
				);
				PRODUCT_BUNDLE_IDENTIFIER = codepath.FlixUITests;
				PRODUCT_NAME = "$(TARGET_NAME)";
				SWIFT_VERSION = 5.0;
				TARGETED_DEVICE_FAMILY = "1,2";
				TEST_TARGET_NAME = Flix;
			};
			name = Debug;
		};
		D66BF0E4253F3B9D00A59216 /* Release */ = {
			isa = XCBuildConfiguration;
			baseConfigurationReference = 6D1912C6D837C0210A271385 /* Pods-Flix-FlixUITests.release.xcconfig */;
			buildSettings = {
				ALWAYS_EMBED_SWIFT_STANDARD_LIBRARIES = YES;
				CODE_SIGN_STYLE = Automatic;
				INFOPLIST_FILE = FlixUITests/Info.plist;
				LD_RUNPATH_SEARCH_PATHS = (
					"$(inherited)",
					"@executable_path/Frameworks",
					"@loader_path/Frameworks",
				);
				PRODUCT_BUNDLE_IDENTIFIER = codepath.FlixUITests;
				PRODUCT_NAME = "$(TARGET_NAME)";
				SWIFT_VERSION = 5.0;
				TARGETED_DEVICE_FAMILY = "1,2";
				TEST_TARGET_NAME = Flix;
			};
			name = Release;
		};
/* End XCBuildConfiguration section */

/* Begin XCConfigurationList section */
		D66BF0AD253F3B9B00A59216 /* Build configuration list for PBXProject "Flix" */ = {
			isa = XCConfigurationList;
			buildConfigurations = (
				D66BF0DA253F3B9D00A59216 /* Debug */,
				D66BF0DB253F3B9D00A59216 /* Release */,
			);
			defaultConfigurationIsVisible = 0;
			defaultConfigurationName = Release;
		};
		D66BF0DC253F3B9D00A59216 /* Build configuration list for PBXNativeTarget "Flix" */ = {
			isa = XCConfigurationList;
			buildConfigurations = (
				D66BF0DD253F3B9D00A59216 /* Debug */,
				D66BF0DE253F3B9D00A59216 /* Release */,
			);
			defaultConfigurationIsVisible = 0;
			defaultConfigurationName = Release;
		};
		D66BF0DF253F3B9D00A59216 /* Build configuration list for PBXNativeTarget "FlixTests" */ = {
			isa = XCConfigurationList;
			buildConfigurations = (
				D66BF0E0253F3B9D00A59216 /* Debug */,
				D66BF0E1253F3B9D00A59216 /* Release */,
			);
			defaultConfigurationIsVisible = 0;
			defaultConfigurationName = Release;
		};
		D66BF0E2253F3B9D00A59216 /* Build configuration list for PBXNativeTarget "FlixUITests" */ = {
			isa = XCConfigurationList;
			buildConfigurations = (
				D66BF0E3253F3B9D00A59216 /* Debug */,
				D66BF0E4253F3B9D00A59216 /* Release */,
			);
			defaultConfigurationIsVisible = 0;
			defaultConfigurationName = Release;
		};
/* End XCConfigurationList section */
	};
	rootObject = D66BF0AA253F3B9B00A59216 /* Project object */;
}
